
Microsoft Visual Studio Solution File, Format Version 10.00
# Visual Studio 2008
Project("{8BC9CEB8-8B4A-11D0-8D11-00A0C91BC942}") = "UltraVncAx", "UltraVncAx\UltraVncAx.vcproj", "{7F4F3251-245D-4250-8365-AC2164EC4E4C}"
	ProjectSection(ProjectDependencies) = postProject
		{2E0AF83A-9C54-461C-A737-50109FA858AD} = {2E0AF83A-9C54-461C-A737-50109FA858AD}
		{B8B5E141-6E11-4FF7-88B7-9DE5B521910E} = {B8B5E141-6E11-4FF7-88B7-9DE5B521910E}
		{C4B8CF57-43D8-4A0F-8EE3-E38FB9859077} = {C4B8CF57-43D8-4A0F-8EE3-E38FB9859077}
		{2A44E081-5151-4EDC-936C-C6E80BD65300} = {2A44E081-5151-4EDC-936C-C6E80BD65300}
	EndProjectSection
EndProject
Project("{8BC9CEB8-8B4A-11D0-8D11-00A0C91BC942}") = "french", "french\french.vcproj", "{26410840-899E-4BA3-B283-06DD848DD8AC}"
EndProject
Project("{8BC9CEB8-8B4A-11D0-8D11-00A0C91BC942}") = "german", "german\german.vcproj", "{7E4A29F0-B6D2-4990-9FC8-F5D59F55E0EE}"
EndProject
Project("{059D6162-CD51-11D0-AE1F-00A0C90FFFC3}") = "korean", "korean\korean.dsp", "{A6642451-6986-46E1-8A6E-34D0E56804FF}"
EndProject
Project("{8BC9CEB8-8B4A-11D0-8D11-00A0C91BC942}") = "libjpeg", "libjpeg\libjpeg.vcproj", "{2E0AF83A-9C54-461C-A737-50109FA858AD}"
EndProject
Project("{8BC9CEB8-8B4A-11D0-8D11-00A0C91BC942}") = "omnithread", "omnithread\omnithread.vcproj", "{B8B5E141-6E11-4FF7-88B7-9DE5B521910E}"
EndProject
Project("{059D6162-CD51-11D0-AE1F-00A0C90FFFC3}") = "portugees", "portugees\portugees.dsp", "{E1706725-4868-4669-B027-A976CD106A2A}"
EndProject
Project("{8BC9CEB8-8B4A-11D0-8D11-00A0C91BC942}") = "rdr", "rdr\rdr.vcproj", "{C4B8CF57-43D8-4A0F-8EE3-E38FB9859077}"
EndProject
Project("{059D6162-CD51-11D0-AE1F-00A0C90FFFC3}") = "spanish", "spanish\spanish.dsp", "{1352440B-EEB7-4E0F-BADD-B89A1445925B}"
EndProject
Project("{8BC9CEB8-8B4A-11D0-8D11-00A0C91BC942}") = "vncviewer", "vncviewer.vcproj", "{E612F036-9FA6-4890-8CC5-2931C7DA97D0}"
	ProjectSection(ProjectDependencies) = postProject
		{B8B5E141-6E11-4FF7-88B7-9DE5B521910E} = {B8B5E141-6E11-4FF7-88B7-9DE5B521910E}
		{C4B8CF57-43D8-4A0F-8EE3-E38FB9859077} = {C4B8CF57-43D8-4A0F-8EE3-E38FB9859077}
		{2A44E081-5151-4EDC-936C-C6E80BD65300} = {2A44E081-5151-4EDC-936C-C6E80BD65300}
		{2E0AF83A-9C54-461C-A737-50109FA858AD} = {2E0AF83A-9C54-461C-A737-50109FA858AD}
	EndProjectSection
EndProject
Project("{8BC9CEB8-8B4A-11D0-8D11-00A0C91BC942}") = "zlib", "zlib\zlib.vcproj", "{2A44E081-5151-4EDC-936C-C6E80BD65300}"
EndProject
Global
	GlobalSection(SolutionConfigurationPlatforms) = preSolution
		Debug|Win32 = Debug|Win32
		Profile|Win32 = Profile|Win32
		Release CORBA DEBUG|Win32 = Release CORBA DEBUG|Win32
		Release CORBA|Win32 = Release CORBA|Win32
		Release|Win32 = Release|Win32
	EndGlobalSection
	GlobalSection(ProjectConfigurationPlatforms) = postSolution
		{7F4F3251-245D-4250-8365-AC2164EC4E4C}.Debug|Win32.ActiveCfg = Debug|Win32
		{7F4F3251-245D-4250-8365-AC2164EC4E4C}.Debug|Win32.Build.0 = Debug|Win32
		{7F4F3251-245D-4250-8365-AC2164EC4E4C}.Profile|Win32.ActiveCfg = Debug|Win32
		{7F4F3251-245D-4250-8365-AC2164EC4E4C}.Profile|Win32.Build.0 = Debug|Win32
		{7F4F3251-245D-4250-8365-AC2164EC4E4C}.Release CORBA DEBUG|Win32.ActiveCfg = Release|Win32
		{7F4F3251-245D-4250-8365-AC2164EC4E4C}.Release CORBA DEBUG|Win32.Build.0 = Release|Win32
		{7F4F3251-245D-4250-8365-AC2164EC4E4C}.Release CORBA|Win32.ActiveCfg = Release|Win32
		{7F4F3251-245D-4250-8365-AC2164EC4E4C}.Release CORBA|Win32.Build.0 = Release|Win32
		{7F4F3251-245D-4250-8365-AC2164EC4E4C}.Release|Win32.ActiveCfg = Release|Win32
		{7F4F3251-245D-4250-8365-AC2164EC4E4C}.Release|Win32.Build.0 = Release|Win32
		{26410840-899E-4BA3-B283-06DD848DD8AC}.Debug|Win32.ActiveCfg = Debug|Win32
		{26410840-899E-4BA3-B283-06DD848DD8AC}.Debug|Win32.Build.0 = Debug|Win32
		{26410840-899E-4BA3-B283-06DD848DD8AC}.Profile|Win32.ActiveCfg = Debug|Win32
		{26410840-899E-4BA3-B283-06DD848DD8AC}.Profile|Win32.Build.0 = Debug|Win32
		{26410840-899E-4BA3-B283-06DD848DD8AC}.Release CORBA DEBUG|Win32.ActiveCfg = Release|Win32
		{26410840-899E-4BA3-B283-06DD848DD8AC}.Release CORBA DEBUG|Win32.Build.0 = Release|Win32
		{26410840-899E-4BA3-B283-06DD848DD8AC}.Release CORBA|Win32.ActiveCfg = Release|Win32
		{26410840-899E-4BA3-B283-06DD848DD8AC}.Release CORBA|Win32.Build.0 = Release|Win32
		{26410840-899E-4BA3-B283-06DD848DD8AC}.Release|Win32.ActiveCfg = Release|Win32
		{26410840-899E-4BA3-B283-06DD848DD8AC}.Release|Win32.Build.0 = Release|Win32
		{7E4A29F0-B6D2-4990-9FC8-F5D59F55E0EE}.Debug|Win32.ActiveCfg = Debug|Win32
		{7E4A29F0-B6D2-4990-9FC8-F5D59F55E0EE}.Debug|Win32.Build.0 = Debug|Win32
		{7E4A29F0-B6D2-4990-9FC8-F5D59F55E0EE}.Profile|Win32.ActiveCfg = Debug|Win32
		{7E4A29F0-B6D2-4990-9FC8-F5D59F55E0EE}.Profile|Win32.Build.0 = Debug|Win32
		{7E4A29F0-B6D2-4990-9FC8-F5D59F55E0EE}.Release CORBA DEBUG|Win32.ActiveCfg = Release|Win32
		{7E4A29F0-B6D2-4990-9FC8-F5D59F55E0EE}.Release CORBA DEBUG|Win32.Build.0 = Release|Win32
		{7E4A29F0-B6D2-4990-9FC8-F5D59F55E0EE}.Release CORBA|Win32.ActiveCfg = Release|Win32
		{7E4A29F0-B6D2-4990-9FC8-F5D59F55E0EE}.Release CORBA|Win32.Build.0 = Release|Win32
		{7E4A29F0-B6D2-4990-9FC8-F5D59F55E0EE}.Release|Win32.ActiveCfg = Release|Win32
		{7E4A29F0-B6D2-4990-9FC8-F5D59F55E0EE}.Release|Win32.Build.0 = Release|Win32
		{2E0AF83A-9C54-461C-A737-50109FA858AD}.Debug|Win32.ActiveCfg = Debug|Win32
		{2E0AF83A-9C54-461C-A737-50109FA858AD}.Debug|Win32.Build.0 = Debug|Win32
		{2E0AF83A-9C54-461C-A737-50109FA858AD}.Profile|Win32.ActiveCfg = Release|Win32
		{2E0AF83A-9C54-461C-A737-50109FA858AD}.Profile|Win32.Build.0 = Release|Win32
		{2E0AF83A-9C54-461C-A737-50109FA858AD}.Release CORBA DEBUG|Win32.ActiveCfg = Release|Win32
		{2E0AF83A-9C54-461C-A737-50109FA858AD}.Release CORBA DEBUG|Win32.Build.0 = Release|Win32
		{2E0AF83A-9C54-461C-A737-50109FA858AD}.Release CORBA|Win32.ActiveCfg = Release|Win32
		{2E0AF83A-9C54-461C-A737-50109FA858AD}.Release CORBA|Win32.Build.0 = Release|Win32
		{2E0AF83A-9C54-461C-A737-50109FA858AD}.Release|Win32.ActiveCfg = Release|Win32
		{2E0AF83A-9C54-461C-A737-50109FA858AD}.Release|Win32.Build.0 = Release|Win32
		{B8B5E141-6E11-4FF7-88B7-9DE5B521910E}.Debug|Win32.ActiveCfg = Debug|Win32
		{B8B5E141-6E11-4FF7-88B7-9DE5B521910E}.Debug|Win32.Build.0 = Debug|Win32
		{B8B5E141-6E11-4FF7-88B7-9DE5B521910E}.Profile|Win32.ActiveCfg = Release|Win32
		{B8B5E141-6E11-4FF7-88B7-9DE5B521910E}.Profile|Win32.Build.0 = Release|Win32
		{B8B5E141-6E11-4FF7-88B7-9DE5B521910E}.Release CORBA DEBUG|Win32.ActiveCfg = Release|Win32
		{B8B5E141-6E11-4FF7-88B7-9DE5B521910E}.Release CORBA DEBUG|Win32.Build.0 = Release|Win32
		{B8B5E141-6E11-4FF7-88B7-9DE5B521910E}.Release CORBA|Win32.ActiveCfg = Release|Win32
		{B8B5E141-6E11-4FF7-88B7-9DE5B521910E}.Release CORBA|Win32.Build.0 = Release|Win32
		{B8B5E141-6E11-4FF7-88B7-9DE5B521910E}.Release|Win32.ActiveCfg = Release|Win32
		{B8B5E141-6E11-4FF7-88B7-9DE5B521910E}.Release|Win32.Build.0 = Release|Win32
		{C4B8CF57-43D8-4A0F-8EE3-E38FB9859077}.Debug|Win32.ActiveCfg = Debug|Win32
		{C4B8CF57-43D8-4A0F-8EE3-E38FB9859077}.Debug|Win32.Build.0 = Debug|Win32
		{C4B8CF57-43D8-4A0F-8EE3-E38FB9859077}.Profile|Win32.ActiveCfg = Profile|Win32
		{C4B8CF57-43D8-4A0F-8EE3-E38FB9859077}.Profile|Win32.Build.0 = Profile|Win32
		{C4B8CF57-43D8-4A0F-8EE3-E38FB9859077}.Release CORBA DEBUG|Win32.ActiveCfg = Release CORBA DEBUG|Win32
		{C4B8CF57-43D8-4A0F-8EE3-E38FB9859077}.Release CORBA DEBUG|Win32.Build.0 = Release CORBA DEBUG|Win32
		{C4B8CF57-43D8-4A0F-8EE3-E38FB9859077}.Release CORBA|Win32.ActiveCfg = Release CORBA|Win32
		{C4B8CF57-43D8-4A0F-8EE3-E38FB9859077}.Release CORBA|Win32.Build.0 = Release CORBA|Win32
		{C4B8CF57-43D8-4A0F-8EE3-E38FB9859077}.Release|Win32.ActiveCfg = Release|Win32
		{C4B8CF57-43D8-4A0F-8EE3-E38FB9859077}.Release|Win32.Build.0 = Release|Win32
		{E612F036-9FA6-4890-8CC5-2931C7DA97D0}.Debug|Win32.ActiveCfg = Debug|Win32
		{E612F036-9FA6-4890-8CC5-2931C7DA97D0}.Debug|Win32.Build.0 = Debug|Win32
		{E612F036-9FA6-4890-8CC5-2931C7DA97D0}.Profile|Win32.ActiveCfg = Release|Win32
		{E612F036-9FA6-4890-8CC5-2931C7DA97D0}.Profile|Win32.Build.0 = Release|Win32
		{E612F036-9FA6-4890-8CC5-2931C7DA97D0}.Release CORBA DEBUG|Win32.ActiveCfg = Release|Win32
		{E612F036-9FA6-4890-8CC5-2931C7DA97D0}.Release CORBA DEBUG|Win32.Build.0 = Release|Win32
		{E612F036-9FA6-4890-8CC5-2931C7DA97D0}.Release CORBA|Win32.ActiveCfg = Release|Win32
		{E612F036-9FA6-4890-8CC5-2931C7DA97D0}.Release CORBA|Win32.Build.0 = Release|Win32
		{E612F036-9FA6-4890-8CC5-2931C7DA97D0}.Release|Win32.ActiveCfg = Release|Win32
		{E612F036-9FA6-4890-8CC5-2931C7DA97D0}.Release|Win32.Build.0 = Release|Win32
		{2A44E081-5151-4EDC-936C-C6E80BD65300}.Debug|Win32.ActiveCfg = Debug|Win32
		{2A44E081-5151-4EDC-936C-C6E80BD65300}.Debug|Win32.Build.0 = Debug|Win32
		{2A44E081-5151-4EDC-936C-C6E80BD65300}.Profile|Win32.ActiveCfg = Profile|Win32
		{2A44E081-5151-4EDC-936C-C6E80BD65300}.Profile|Win32.Build.0 = Profile|Win32
		{2A44E081-5151-4EDC-936C-C6E80BD65300}.Release CORBA DEBUG|Win32.ActiveCfg = Release CORBA DEBUG|Win32
		{2A44E081-5151-4EDC-936C-C6E80BD65300}.Release CORBA DEBUG|Win32.Build.0 = Release CORBA DEBUG|Win32
		{2A44E081-5151-4EDC-936C-C6E80BD65300}.Release CORBA|Win32.ActiveCfg = Release CORBA|Win32
		{2A44E081-5151-4EDC-936C-C6E80BD65300}.Release CORBA|Win32.Build.0 = Release CORBA|Win32
		{2A44E081-5151-4EDC-936C-C6E80BD65300}.Release|Win32.ActiveCfg = Release|Win32
		{2A44E081-5151-4EDC-936C-C6E80BD65300}.Release|Win32.Build.0 = Release|Win32
	EndGlobalSection
	GlobalSection(SolutionProperties) = preSolution
		HideSolutionNode = FALSE
	EndGlobalSection
EndGlobal
